
Microsoft Visual Studio Solution File, Format Version 12.00
# Visual Studio Version 16
VisualStudioVersion = 16.0.30907.101
MinimumVisualStudioVersion = 10.0.40219.1
Project("{2150E333-8FDC-42A3-9474-1A3956D46DE8}") = "src", "src", "{15731CC4-C26E-438A-BED4-CD744C69735F}"
EndProject
Project("{2150E333-8FDC-42A3-9474-1A3956D46DE8}") = "Catalog", "Catalog", "{34A6B7F6-987A-4332-85BA-5DAB1247361A}"
EndProject
Project("{9A19103F-16F7-4668-BE54-9A1E7A4F7556}") = "Catalog.API", "src\Catalog\Catalog.API\Catalog.API.csproj", "{8C3836B7-1060-4FD0-ACA5-ACDBE851BA98}"
EndProject
Project("{E53339B2-1760-4266-BCC7-CA923CBCF16C}") = "docker-compose", "docker-compose.dcproj", "{22DB9897-5B30-4C38-A60A-05C055E186A5}"
EndProject
Project("{2150E333-8FDC-42A3-9474-1A3956D46DE8}") = "Basket", "Basket", "{90EE77E2-2A0F-471D-8459-517CCD510DAC}"
EndProject
Project("{9A19103F-16F7-4668-BE54-9A1E7A4F7556}") = "Basket.API", "src\Basket\Basket.Api\Basket.API.csproj", "{1E7DB0C7-BE84-4849-B7E3-901766F95417}"
EndProject
Project("{2150E333-8FDC-42A3-9474-1A3956D46DE8}") = "Common", "Common", "{9E84FDF0-02A9-4275-A5EF-A4BDC5434C5C}"
EndProject
Project("{9A19103F-16F7-4668-BE54-9A1E7A4F7556}") = "EventBusrabbitMQ", "src\Common\EventBusrabbitMQ\EventBusrabbitMQ.csproj", "{4597432B-F4F4-4571-9191-AA51C00F225F}"
EndProject
Project("{2150E333-8FDC-42A3-9474-1A3956D46DE8}") = "Orders", "Orders", "{866F1414-F485-4055-9060-643ED82A76E3}"
EndProject
Project("{9A19103F-16F7-4668-BE54-9A1E7A4F7556}") = "Orders.API", "src\Orders\Orders.API\Orders.API.csproj", "{34A4E17F-E3DD-402F-8A58-228E4CFCE128}"
EndProject
Project("{9A19103F-16F7-4668-BE54-9A1E7A4F7556}") = "Orders.Core", "src\Orders\Orders.Core\Orders.Core.csproj", "{58EF83FC-B73E-4AE2-AACF-A31D64B0DC29}"
EndProject
Project("{9A19103F-16F7-4668-BE54-9A1E7A4F7556}") = "Orders.Infrastructure", "src\Orders\Orders.Infrastructure\Orders.Infrastructure.csproj", "{701732E7-5EAC-4A4B-9AA6-8A5F57F381EA}"
EndProject
Project("{9A19103F-16F7-4668-BE54-9A1E7A4F7556}") = "Orders.Application", "src\Orders\Orders.Application\Orders.Application.csproj", "{CAAD5E16-F27E-4EFE-BFAE-D8F5B561BEA6}"
EndProject
Project("{2150E333-8FDC-42A3-9474-1A3956D46DE8}") = "ApiGateway", "ApiGateway", "{8FB92D1E-5792-4DC8-A9AE-6CAAE38BFB2B}"
EndProject
Project("{FAE04EC0-301F-11D3-BF4B-00C04F79EFBC}") = "ApiGateway", "src\ApiGateway\ApiGateway\ApiGateway.csproj", "{B3FE446C-4D57-4B94-8E7E-7BBC56155180}"
EndProject
Global
	GlobalSection(SolutionConfigurationPlatforms) = preSolution
		Debug|Any CPU = Debug|Any CPU
		Release|Any CPU = Release|Any CPU
	EndGlobalSection
	GlobalSection(ProjectConfigurationPlatforms) = postSolution
		{8C3836B7-1060-4FD0-ACA5-ACDBE851BA98}.Debug|Any CPU.ActiveCfg = Debug|Any CPU
		{8C3836B7-1060-4FD0-ACA5-ACDBE851BA98}.Debug|Any CPU.Build.0 = Debug|Any CPU
		{8C3836B7-1060-4FD0-ACA5-ACDBE851BA98}.Release|Any CPU.ActiveCfg = Release|Any CPU
		{8C3836B7-1060-4FD0-ACA5-ACDBE851BA98}.Release|Any CPU.Build.0 = Release|Any CPU
		{22DB9897-5B30-4C38-A60A-05C055E186A5}.Debug|Any CPU.ActiveCfg = Debug|Any CPU
		{22DB9897-5B30-4C38-A60A-05C055E186A5}.Debug|Any CPU.Build.0 = Debug|Any CPU
		{22DB9897-5B30-4C38-A60A-05C055E186A5}.Release|Any CPU.ActiveCfg = Release|Any CPU
		{22DB9897-5B30-4C38-A60A-05C055E186A5}.Release|Any CPU.Build.0 = Release|Any CPU
		{1E7DB0C7-BE84-4849-B7E3-901766F95417}.Debug|Any CPU.ActiveCfg = Debug|Any CPU
		{1E7DB0C7-BE84-4849-B7E3-901766F95417}.Debug|Any CPU.Build.0 = Debug|Any CPU
		{1E7DB0C7-BE84-4849-B7E3-901766F95417}.Release|Any CPU.ActiveCfg = Release|Any CPU
		{1E7DB0C7-BE84-4849-B7E3-901766F95417}.Release|Any CPU.Build.0 = Release|Any CPU
		{4597432B-F4F4-4571-9191-AA51C00F225F}.Debug|Any CPU.ActiveCfg = Debug|Any CPU
		{4597432B-F4F4-4571-9191-AA51C00F225F}.Debug|Any CPU.Build.0 = Debug|Any CPU
		{4597432B-F4F4-4571-9191-AA51C00F225F}.Release|Any CPU.ActiveCfg = Release|Any CPU
		{4597432B-F4F4-4571-9191-AA51C00F225F}.Release|Any CPU.Build.0 = Release|Any CPU
		{34A4E17F-E3DD-402F-8A58-228E4CFCE128}.Debug|Any CPU.ActiveCfg = Debug|Any CPU
		{34A4E17F-E3DD-402F-8A58-228E4CFCE128}.Debug|Any CPU.Build.0 = Debug|Any CPU
		{34A4E17F-E3DD-402F-8A58-228E4CFCE128}.Release|Any CPU.ActiveCfg = Release|Any CPU
		{34A4E17F-E3DD-402F-8A58-228E4CFCE128}.Release|Any CPU.Build.0 = Release|Any CPU
		{58EF83FC-B73E-4AE2-AACF-A31D64B0DC29}.Debug|Any CPU.ActiveCfg = Debug|Any CPU
		{58EF83FC-B73E-4AE2-AACF-A31D64B0DC29}.Debug|Any CPU.Build.0 = Debug|Any CPU
		{58EF83FC-B73E-4AE2-AACF-A31D64B0DC29}.Release|Any CPU.ActiveCfg = Release|Any CPU
		{58EF83FC-B73E-4AE2-AACF-A31D64B0DC29}.Release|Any CPU.Build.0 = Release|Any CPU
		{701732E7-5EAC-4A4B-9AA6-8A5F57F381EA}.Debug|Any CPU.ActiveCfg = Debug|Any CPU
		{701732E7-5EAC-4A4B-9AA6-8A5F57F381EA}.Debug|Any CPU.Build.0 = Debug|Any CPU
		{701732E7-5EAC-4A4B-9AA6-8A5F57F381EA}.Release|Any CPU.ActiveCfg = Release|Any CPU
		{701732E7-5EAC-4A4B-9AA6-8A5F57F381EA}.Release|Any CPU.Build.0 = Release|Any CPU
		{CAAD5E16-F27E-4EFE-BFAE-D8F5B561BEA6}.Debug|Any CPU.ActiveCfg = Debug|Any CPU
		{CAAD5E16-F27E-4EFE-BFAE-D8F5B561BEA6}.Debug|Any CPU.Build.0 = Debug|Any CPU
		{CAAD5E16-F27E-4EFE-BFAE-D8F5B561BEA6}.Release|Any CPU.ActiveCfg = Release|Any CPU
		{CAAD5E16-F27E-4EFE-BFAE-D8F5B561BEA6}.Release|Any CPU.Build.0 = Release|Any CPU
		{B3FE446C-4D57-4B94-8E7E-7BBC56155180}.Debug|Any CPU.ActiveCfg = Debug|Any CPU
		{B3FE446C-4D57-4B94-8E7E-7BBC56155180}.Debug|Any CPU.Build.0 = Debug|Any CPU
		{B3FE446C-4D57-4B94-8E7E-7BBC56155180}.Release|Any CPU.ActiveCfg = Release|Any CPU
		{B3FE446C-4D57-4B94-8E7E-7BBC56155180}.Release|Any CPU.Build.0 = Release|Any CPU
	EndGlobalSection
	GlobalSection(SolutionProperties) = preSolution
		HideSolutionNode = FALSE
	EndGlobalSection
	GlobalSection(NestedProjects) = preSolution
		{34A6B7F6-987A-4332-85BA-5DAB1247361A} = {15731CC4-C26E-438A-BED4-CD744C69735F}
		{8C3836B7-1060-4FD0-ACA5-ACDBE851BA98} = {34A6B7F6-987A-4332-85BA-5DAB1247361A}
		{90EE77E2-2A0F-471D-8459-517CCD510DAC} = {15731CC4-C26E-438A-BED4-CD744C69735F}
		{1E7DB0C7-BE84-4849-B7E3-901766F95417} = {90EE77E2-2A0F-471D-8459-517CCD510DAC}
		{9E84FDF0-02A9-4275-A5EF-A4BDC5434C5C} = {15731CC4-C26E-438A-BED4-CD744C69735F}
		{4597432B-F4F4-4571-9191-AA51C00F225F} = {9E84FDF0-02A9-4275-A5EF-A4BDC5434C5C}
		{866F1414-F485-4055-9060-643ED82A76E3} = {15731CC4-C26E-438A-BED4-CD744C69735F}
		{34A4E17F-E3DD-402F-8A58-228E4CFCE128} = {866F1414-F485-4055-9060-643ED82A76E3}
		{58EF83FC-B73E-4AE2-AACF-A31D64B0DC29} = {866F1414-F485-4055-9060-643ED82A76E3}
		{701732E7-5EAC-4A4B-9AA6-8A5F57F381EA} = {866F1414-F485-4055-9060-643ED82A76E3}
		{CAAD5E16-F27E-4EFE-BFAE-D8F5B561BEA6} = {866F1414-F485-4055-9060-643ED82A76E3}
		{8FB92D1E-5792-4DC8-A9AE-6CAAE38BFB2B} = {15731CC4-C26E-438A-BED4-CD744C69735F}
		{B3FE446C-4D57-4B94-8E7E-7BBC56155180} = {8FB92D1E-5792-4DC8-A9AE-6CAAE38BFB2B}
	EndGlobalSection
	GlobalSection(ExtensibilityGlobals) = postSolution
		SolutionGuid = {EF5D0491-0E9B-4EBB-BAB4-4DAD9FA947C4}
	EndGlobalSection
EndGlobal
